// !$*UTF8*$!
{
	archiveVersion = 1;
	classes = {
	};
	objectVersion = 56;
	objects = {

/* Begin PBXBuildFile section */
		612B44A72A16CD3E0061DFBA /* TheGameCloneApp.swift in Sources */ = {isa = PBXBuildFile; fileRef = 612B44A62A16CD3E0061DFBA /* TheGameCloneApp.swift */; };
		612B44A92A16CD3E0061DFBA /* ContentView.swift in Sources */ = {isa = PBXBuildFile; fileRef = 612B44A82A16CD3E0061DFBA /* ContentView.swift */; };
		612B44AB2A16CD400061DFBA /* Assets.xcassets in Resources */ = {isa = PBXBuildFile; fileRef = 612B44AA2A16CD400061DFBA /* Assets.xcassets */; };
		612B44AE2A16CD400061DFBA /* Preview Assets.xcassets in Resources */ = {isa = PBXBuildFile; fileRef = 612B44AD2A16CD400061DFBA /* Preview Assets.xcassets */; };
		612B44B82A16CD400061DFBA /* TheGameCloneTests.swift in Sources */ = {isa = PBXBuildFile; fileRef = 612B44B72A16CD400061DFBA /* TheGameCloneTests.swift */; };
		612B44C22A16CD400061DFBA /* TheGameCloneUITests.swift in Sources */ = {isa = PBXBuildFile; fileRef = 612B44C12A16CD400061DFBA /* TheGameCloneUITests.swift */; };
		612B44C42A16CD400061DFBA /* TheGameCloneUITestsLaunchTests.swift in Sources */ = {isa = PBXBuildFile; fileRef = 612B44C32A16CD400061DFBA /* TheGameCloneUITestsLaunchTests.swift */; };
		6139B03E2A1834230097BE50 /* CardView.swift in Sources */ = {isa = PBXBuildFile; fileRef = 6139B03D2A1834230097BE50 /* CardView.swift */; };
/* End PBXBuildFile section */

/* Begin PBXContainerItemProxy section */
		612B44B42A16CD400061DFBA /* PBXContainerItemProxy */ = {
			isa = PBXContainerItemProxy;
			containerPortal = 612B449B2A16CD3E0061DFBA /* Project object */;
			proxyType = 1;
			remoteGlobalIDString = 612B44A22A16CD3E0061DFBA;
			remoteInfo = TheGameClone;
		};
		612B44BE2A16CD400061DFBA /* PBXContainerItemProxy */ = {
			isa = PBXContainerItemProxy;
			containerPortal = 612B449B2A16CD3E0061DFBA /* Project object */;
			proxyType = 1;
			remoteGlobalIDString = 612B44A22A16CD3E0061DFBA;
			remoteInfo = TheGameClone;
		};
/* End PBXContainerItemProxy section */

/* Begin PBXFileReference section */
		612B44A32A16CD3E0061DFBA /* TheGameClone.app */ = {isa = PBXFileReference; explicitFileType = wrapper.application; includeInIndex = 0; path = TheGameClone.app; sourceTree = BUILT_PRODUCTS_DIR; };
		612B44A62A16CD3E0061DFBA /* TheGameCloneApp.swift */ = {isa = PBXFileReference; lastKnownFileType = sourcecode.swift; path = TheGameCloneApp.swift; sourceTree = "<group>"; };
		612B44A82A16CD3E0061DFBA /* ContentView.swift */ = {isa = PBXFileReference; lastKnownFileType = sourcecode.swift; path = ContentView.swift; sourceTree = "<group>"; };
		612B44AA2A16CD400061DFBA /* Assets.xcassets */ = {isa = PBXFileReference; lastKnownFileType = folder.assetcatalog; path = Assets.xcassets; sourceTree = "<group>"; };
		612B44AD2A16CD400061DFBA /* Preview Assets.xcassets */ = {isa = PBXFileReference; lastKnownFileType = folder.assetcatalog; path = "Preview Assets.xcassets"; sourceTree = "<group>"; };
		612B44B32A16CD400061DFBA /* TheGameCloneTests.xctest */ = {isa = PBXFileReference; explicitFileType = wrapper.cfbundle; includeInIndex = 0; path = TheGameCloneTests.xctest; sourceTree = BUILT_PRODUCTS_DIR; };
		612B44B72A16CD400061DFBA /* TheGameCloneTests.swift */ = {isa = PBXFileReference; lastKnownFileType = sourcecode.swift; path = TheGameCloneTests.swift; sourceTree = "<group>"; };
		612B44BD2A16CD400061DFBA /* TheGameCloneUITests.xctest */ = {isa = PBXFileReference; explicitFileType = wrapper.cfbundle; includeInIndex = 0; path = TheGameCloneUITests.xctest; sourceTree = BUILT_PRODUCTS_DIR; };
		612B44C12A16CD400061DFBA /* TheGameCloneUITests.swift */ = {isa = PBXFileReference; lastKnownFileType = sourcecode.swift; path = TheGameCloneUITests.swift; sourceTree = "<group>"; };
		612B44C32A16CD400061DFBA /* TheGameCloneUITestsLaunchTests.swift */ = {isa = PBXFileReference; lastKnownFileType = sourcecode.swift; path = TheGameCloneUITestsLaunchTests.swift; sourceTree = "<group>"; };
		6139B03D2A1834230097BE50 /* CardView.swift */ = {isa = PBXFileReference; lastKnownFileType = sourcecode.swift; path = CardView.swift; sourceTree = "<group>"; };
		61DF48502B0674DB00957F8A /* Info.plist */ = {isa = PBXFileReference; lastKnownFileType = text.plist; path = Info.plist; sourceTree = "<group>"; };
/* End PBXFileReference section */

/* Begin PBXFrameworksBuildPhase section */
		612B44A02A16CD3E0061DFBA /* Frameworks */ = {
			isa = PBXFrameworksBuildPhase;
			buildActionMask = 2147483647;
			files = (
			);
			runOnlyForDeploymentPostprocessing = 0;
		};
		612B44B02A16CD400061DFBA /* Frameworks */ = {
			isa = PBXFrameworksBuildPhase;
			buildActionMask = 2147483647;
			files = (
			);
			runOnlyForDeploymentPostprocessing = 0;
		};
		612B44BA2A16CD400061DFBA /* Frameworks */ = {
			isa = PBXFrameworksBuildPhase;
			buildActionMask = 2147483647;
			files = (
			);
			runOnlyForDeploymentPostprocessing = 0;
		};
/* End PBXFrameworksBuildPhase section */

/* Begin PBXGroup section */
		612B449A2A16CD3E0061DFBA = {
			isa = PBXGroup;
			children = (
				612B44A52A16CD3E0061DFBA /* TheGameClone */,
				612B44B62A16CD400061DFBA /* TheGameCloneTests */,
				612B44C02A16CD400061DFBA /* TheGameCloneUITests */,
				612B44A42A16CD3E0061DFBA /* Products */,
			);
			sourceTree = "<group>";
		};
		612B44A42A16CD3E0061DFBA /* Products */ = {
			isa = PBXGroup;
			children = (
				612B44A32A16CD3E0061DFBA /* TheGameClone.app */,
				612B44B32A16CD400061DFBA /* TheGameCloneTests.xctest */,
				612B44BD2A16CD400061DFBA /* TheGameCloneUITests.xctest */,
			);
			name = Products;
			sourceTree = "<group>";
		};
		612B44A52A16CD3E0061DFBA /* TheGameClone */ = {
			isa = PBXGroup;
			children = (
				61DF48502B0674DB00957F8A /* Info.plist */,
				612B44A62A16CD3E0061DFBA /* TheGameCloneApp.swift */,
				612B44AA2A16CD400061DFBA /* Assets.xcassets */,
				612B44A82A16CD3E0061DFBA /* ContentView.swift */,
				612B44AC2A16CD400061DFBA /* Preview Content */,
				6139B03D2A1834230097BE50 /* CardView.swift */,
			);
			path = TheGameClone;
			sourceTree = "<group>";
		};
		612B44AC2A16CD400061DFBA /* Preview Content */ = {
			isa = PBXGroup;
			children = (
				612B44AD2A16CD400061DFBA /* Preview Assets.xcassets */,
			);
			path = "Preview Content";
			sourceTree = "<group>";
		};
		612B44B62A16CD400061DFBA /* TheGameCloneTests */ = {
			isa = PBXGroup;
			children = (
				612B44B72A16CD400061DFBA /* TheGameCloneTests.swift */,
			);
			path = TheGameCloneTests;
			sourceTree = "<group>";
		};
		612B44C02A16CD400061DFBA /* TheGameCloneUITests */ = {
			isa = PBXGroup;
			children = (
				612B44C12A16CD400061DFBA /* TheGameCloneUITests.swift */,
				612B44C32A16CD400061DFBA /* TheGameCloneUITestsLaunchTests.swift */,
			);
			path = TheGameCloneUITests;
			sourceTree = "<group>";
		};
/* End PBXGroup section */

/* Begin PBXNativeTarget section */
		612B44A22A16CD3E0061DFBA /* TheGameClone */ = {
			isa = PBXNativeTarget;
			buildConfigurationList = 612B44C72A16CD400061DFBA /* Build configuration list for PBXNativeTarget "TheGameClone" */;
			buildPhases = (
				612B449F2A16CD3E0061DFBA /* Sources */,
				612B44A02A16CD3E0061DFBA /* Frameworks */,
				612B44A12A16CD3E0061DFBA /* Resources */,
			);
			buildRules = (
			);
			dependencies = (
			);
			name = TheGameClone;
			productName = TheGameClone;
			productReference = 612B44A32A16CD3E0061DFBA /* TheGameClone.app */;
			productType = "com.apple.product-type.application";
		};
		612B44B22A16CD400061DFBA /* TheGameCloneTests */ = {
			isa = PBXNativeTarget;
			buildConfigurationList = 612B44CA2A16CD400061DFBA /* Build configuration list for PBXNativeTarget "TheGameCloneTests" */;
			buildPhases = (
				612B44AF2A16CD400061DFBA /* Sources */,
				612B44B02A16CD400061DFBA /* Frameworks */,
				612B44B12A16CD400061DFBA /* Resources */,
			);
			buildRules = (
			);
			dependencies = (
				612B44B52A16CD400061DFBA /* PBXTargetDependency */,
			);
			name = TheGameCloneTests;
			productName = TheGameCloneTests;
			productReference = 612B44B32A16CD400061DFBA /* TheGameCloneTests.xctest */;
			productType = "com.apple.product-type.bundle.unit-test";
		};
		612B44BC2A16CD400061DFBA /* TheGameCloneUITests */ = {
			isa = PBXNativeTarget;
			buildConfigurationList = 612B44CD2A16CD400061DFBA /* Build configuration list for PBXNativeTarget "TheGameCloneUITests" */;
			buildPhases = (
				612B44B92A16CD400061DFBA /* Sources */,
				612B44BA2A16CD400061DFBA /* Frameworks */,
				612B44BB2A16CD400061DFBA /* Resources */,
			);
			buildRules = (
			);
			dependencies = (
				612B44BF2A16CD400061DFBA /* PBXTargetDependency */,
			);
			name = TheGameCloneUITests;
			productName = TheGameCloneUITests;
			productReference = 612B44BD2A16CD400061DFBA /* TheGameCloneUITests.xctest */;
			productType = "com.apple.product-type.bundle.ui-testing";
		};
/* End PBXNativeTarget section */

/* Begin PBXProject section */
		612B449B2A16CD3E0061DFBA /* Project object */ = {
			isa = PBXProject;
			attributes = {
				BuildIndependentTargetsInParallel = 1;
				LastSwiftUpdateCheck = 1430;
				LastUpgradeCheck = 1430;
				TargetAttributes = {
					612B44A22A16CD3E0061DFBA = {
						CreatedOnToolsVersion = 14.3;
					};
					612B44B22A16CD400061DFBA = {
						CreatedOnToolsVersion = 14.3;
						TestTargetID = 612B44A22A16CD3E0061DFBA;
					};
					612B44BC2A16CD400061DFBA = {
						CreatedOnToolsVersion = 14.3;
						TestTargetID = 612B44A22A16CD3E0061DFBA;
					};
				};
			};
			buildConfigurationList = 612B449E2A16CD3E0061DFBA /* Build configuration list for PBXProject "TheGameClone" */;
			compatibilityVersion = "Xcode 14.0";
			developmentRegion = en;
			hasScannedForEncodings = 0;
			knownRegions = (
				en,
				Base,
			);
			mainGroup = 612B449A2A16CD3E0061DFBA;
			productRefGroup = 612B44A42A16CD3E0061DFBA /* Products */;
			projectDirPath = "";
			projectRoot = "";
			targets = (
				612B44A22A16CD3E0061DFBA /* TheGameClone */,
				612B44B22A16CD400061DFBA /* TheGameCloneTests */,
				612B44BC2A16CD400061DFBA /* TheGameCloneUITests */,
			);
		};
/* End PBXProject section */

/* Begin PBXResourcesBuildPhase section */
		612B44A12A16CD3E0061DFBA /* Resources */ = {
			isa = PBXResourcesBuildPhase;
			buildActionMask = 2147483647;
			files = (
				612B44AE2A16CD400061DFBA /* Preview Assets.xcassets in Resources */,
				612B44AB2A16CD400061DFBA /* Assets.xcassets in Resources */,
			);
			runOnlyForDeploymentPostprocessing = 0;
		};
		612B44B12A16CD400061DFBA /* Resources */ = {
			isa = PBXResourcesBuildPhase;
			buildActionMask = 2147483647;
			files = (
			);
			runOnlyForDeploymentPostprocessing = 0;
		};
		612B44BB2A16CD400061DFBA /* Resources */ = {
			isa = PBXResourcesBuildPhase;
			buildActionMask = 2147483647;
			files = (
			);
			runOnlyForDeploymentPostprocessing = 0;
		};
/* End PBXResourcesBuildPhase section */

/* Begin PBXSourcesBuildPhase section */
		612B449F2A16CD3E0061DFBA /* Sources */ = {
			isa = PBXSourcesBuildPhase;
			buildActionMask = 2147483647;
			files = (
				612B44A92A16CD3E0061DFBA /* ContentView.swift in Sources */,
				6139B03E2A1834230097BE50 /* CardView.swift in Sources */,
				612B44A72A16CD3E0061DFBA /* TheGameCloneApp.swift in Sources */,
			);
			runOnlyForDeploymentPostprocessing = 0;
		};
		612B44AF2A16CD400061DFBA /* Sources */ = {
			isa = PBXSourcesBuildPhase;
			buildActionMask = 2147483647;
			files = (
				612B44B82A16CD400061DFBA /* TheGameCloneTests.swift in Sources */,
			);
			runOnlyForDeploymentPostprocessing = 0;
		};
		612B44B92A16CD400061DFBA /* Sources */ = {
			isa = PBXSourcesBuildPhase;
			buildActionMask = 2147483647;
			files = (
				612B44C42A16CD400061DFBA /* TheGameCloneUITestsLaunchTests.swift in Sources */,
				612B44C22A16CD400061DFBA /* TheGameCloneUITests.swift in Sources */,
			);
			runOnlyForDeploymentPostprocessing = 0;
		};
/* End PBXSourcesBuildPhase section */

/* Begin PBXTargetDependency section */
		612B44B52A16CD400061DFBA /* PBXTargetDependency */ = {
			isa = PBXTargetDependency;
			target = 612B44A22A16CD3E0061DFBA /* TheGameClone */;
			targetProxy = 612B44B42A16CD400061DFBA /* PBXContainerItemProxy */;
		};
		612B44BF2A16CD400061DFBA /* PBXTargetDependency */ = {
			isa = PBXTargetDependency;
			target = 612B44A22A16CD3E0061DFBA /* TheGameClone */;
			targetProxy = 612B44BE2A16CD400061DFBA /* PBXContainerItemProxy */;
		};
/* End PBXTargetDependency section */

/* Begin XCBuildConfiguration section */
		612B44C52A16CD400061DFBA /* Debug */ = {
			isa = XCBuildConfiguration;
			buildSettings = {
				ALWAYS_SEARCH_USER_PATHS = NO;
				CLANG_ANALYZER_NONNULL = YES;
				CLANG_ANALYZER_NUMBER_OBJECT_CONVERSION = YES_AGGRESSIVE;
				CLANG_CXX_LANGUAGE_STANDARD = "gnu++20";
				CLANG_ENABLE_MODULES = YES;
				CLANG_ENABLE_OBJC_ARC = YES;
				CLANG_ENABLE_OBJC_WEAK = YES;
				CLANG_WARN_BLOCK_CAPTURE_AUTORELEASING = YES;
				CLANG_WARN_BOOL_CONVERSION = YES;
				CLANG_WARN_COMMA = YES;
				CLANG_WARN_CONSTANT_CONVERSION = YES;
				CLANG_WARN_DEPRECATED_OBJC_IMPLEMENTATIONS = YES;
				CLANG_WARN_DIRECT_OBJC_ISA_USAGE = YES_ERROR;
				CLANG_WARN_DOCUMENTATION_COMMENTS = YES;
				CLANG_WARN_EMPTY_BODY = YES;
				CLANG_WARN_ENUM_CONVERSION = YES;
				CLANG_WARN_INFINITE_RECURSION = YES;
				CLANG_WARN_INT_CONVERSION = YES;
				CLANG_WARN_NON_LITERAL_NULL_CONVERSION = YES;
				CLANG_WARN_OBJC_IMPLICIT_RETAIN_SELF = YES;
				CLANG_WARN_OBJC_LITERAL_CONVERSION = YES;
				CLANG_WARN_OBJC_ROOT_CLASS = YES_ERROR;
				CLANG_WARN_QUOTED_INCLUDE_IN_FRAMEWORK_HEADER = YES;
				CLANG_WARN_RANGE_LOOP_ANALYSIS = YES;
				CLANG_WARN_STRICT_PROTOTYPES = YES;
				CLANG_WARN_SUSPICIOUS_MOVE = YES;
				CLANG_WARN_UNGUARDED_AVAILABILITY = YES_AGGRESSIVE;
				CLANG_WARN_UNREACHABLE_CODE = YES;
				CLANG_WARN__DUPLICATE_METHOD_MATCH = YES;
				COPY_PHASE_STRIP = NO;
				DEBUG_INFORMATION_FORMAT = dwarf;
				ENABLE_STRICT_OBJC_MSGSEND = YES;
				ENABLE_TESTABILITY = YES;
				GCC_C_LANGUAGE_STANDARD = gnu11;
				GCC_DYNAMIC_NO_PIC = NO;
				GCC_NO_COMMON_BLOCKS = YES;
				GCC_OPTIMIZATION_LEVEL = 0;
				GCC_PREPROCESSOR_DEFINITIONS = (
					"DEBUG=1",
					"$(inherited)",
				);
				GCC_WARN_64_TO_32_BIT_CONVERSION = YES;
				GCC_WARN_ABOUT_RETURN_TYPE = YES_ERROR;
				GCC_WARN_UNDECLARED_SELECTOR = YES;
				GCC_WARN_UNINITIALIZED_AUTOS = YES_AGGRESSIVE;
				GCC_WARN_UNUSED_FUNCTION = YES;
				GCC_WARN_UNUSED_VARIABLE = YES;
				IPHONEOS_DEPLOYMENT_TARGET = 16.4;
				MTL_ENABLE_DEBUG_INFO = INCLUDE_SOURCE;
				MTL_FAST_MATH = YES;
				ONLY_ACTIVE_ARCH = YES;
				SDKROOT = iphoneos;
				SWIFT_ACTIVE_COMPILATION_CONDITIONS = DEBUG;
				SWIFT_OPTIMIZATION_LEVEL = "-Onone";
			};
			name = Debug;
		};
		612B44C62A16CD400061DFBA /* Release */ = {
			isa = XCBuildConfiguration;
			buildSettings = {
				ALWAYS_SEARCH_USER_PATHS = NO;
				CLANG_ANALYZER_NONNULL = YES;
				CLANG_ANALYZER_NUMBER_OBJECT_CONVERSION = YES_AGGRESSIVE;
				CLANG_CXX_LANGUAGE_STANDARD = "gnu++20";
				CLANG_ENABLE_MODULES = YES;
				CLANG_ENABLE_OBJC_ARC = YES;
				CLANG_ENABLE_OBJC_WEAK = YES;
				CLANG_WARN_BLOCK_CAPTURE_AUTORELEASING = YES;
				CLANG_WARN_BOOL_CONVERSION = YES;
				CLANG_WARN_COMMA = YES;
				CLANG_WARN_CONSTANT_CONVERSION = YES;
				CLANG_WARN_DEPRECATED_OBJC_IMPLEMENTATIONS = YES;
				CLANG_WARN_DIRECT_OBJC_ISA_USAGE = YES_ERROR;
				CLANG_WARN_DOCUMENTATION_COMMENTS = YES;
				CLANG_WARN_EMPTY_BODY = YES;
				CLANG_WARN_ENUM_CONVERSION = YES;
				CLANG_WARN_INFINITE_RECURSION = YES;
				CLANG_WARN_INT_CONVERSION = YES;
				CLANG_WARN_NON_LITERAL_NULL_CONVERSION = YES;
				CLANG_WARN_OBJC_IMPLICIT_RETAIN_SELF = YES;
				CLANG_WARN_OBJC_LITERAL_CONVERSION = YES;
				CLANG_WARN_OBJC_ROOT_CLASS = YES_ERROR;
				CLANG_WARN_QUOTED_INCLUDE_IN_FRAMEWORK_HEADER = YES;
				CLANG_WARN_RANGE_LOOP_ANALYSIS = YES;
				CLANG_WARN_STRICT_PROTOTYPES = YES;
				CLANG_WARN_SUSPICIOUS_MOVE = YES;
				CLANG_WARN_UNGUARDED_AVAILABILITY = YES_AGGRESSIVE;
				CLANG_WARN_UNREACHABLE_CODE = YES;
				CLANG_WARN__DUPLICATE_METHOD_MATCH = YES;
				COPY_PHASE_STRIP = NO;
				DEBUG_INFORMATION_FORMAT = "dwarf-with-dsym";
				ENABLE_NS_ASSERTIONS = NO;
				ENABLE_STRICT_OBJC_MSGSEND = YES;
				GCC_C_LANGUAGE_STANDARD = gnu11;
				GCC_NO_COMMON_BLOCKS = YES;
				GCC_WARN_64_TO_32_BIT_CONVERSION = YES;
				GCC_WARN_ABOUT_RETURN_TYPE = YES_ERROR;
				GCC_WARN_UNDECLARED_SELECTOR = YES;
				GCC_WARN_UNINITIALIZED_AUTOS = YES_AGGRESSIVE;
				GCC_WARN_UNUSED_FUNCTION = YES;
				GCC_WARN_UNUSED_VARIABLE = YES;
				IPHONEOS_DEPLOYMENT_TARGET = 16.4;
				MTL_ENABLE_DEBUG_INFO = NO;
				MTL_FAST_MATH = YES;
				SDKROOT = iphoneos;
				SWIFT_COMPILATION_MODE = wholemodule;
				SWIFT_OPTIMIZATION_LEVEL = "-O";
				VALIDATE_PRODUCT = YES;
			};
			name = Release;
		};
		612B44C82A16CD400061DFBA /* Debug */ = {
			isa = XCBuildConfiguration;
			buildSettings = {
				ASSETCATALOG_COMPILER_APPICON_NAME = AppIcon;
				ASSETCATALOG_COMPILER_GLOBAL_ACCENT_COLOR_NAME = AccentColor;
				CODE_SIGN_STYLE = Automatic;
				CURRENT_PROJECT_VERSION = 1;
				DEVELOPMENT_ASSET_PATHS = "\"TheGameClone/Preview Content\"";
				DEVELOPMENT_TEAM = 5K4K37877N;
				ENABLE_PREVIEWS = YES;
				GENERATE_INFOPLIST_FILE = YES;
				INFOPLIST_FILE = TheGameClone/Info.plist;
				INFOPLIST_KEY_UIApplicationSceneManifest_Generation = YES;
				INFOPLIST_KEY_UIApplicationSupportsIndirectInputEvents = YES;
				INFOPLIST_KEY_UILaunchScreen_Generation = YES;
				INFOPLIST_KEY_UISupportedInterfaceOrientations = "UIInterfaceOrientationLandscapeLeft UIInterfaceOrientationLandscapeRight UIInterfaceOrientationPortrait UIInterfaceOrientationPortraitUpsideDown";
				LD_RUNPATH_SEARCH_PATHS = (
					"$(inherited)",
					"@executable_path/Frameworks",
				);
				MARKETING_VERSION = 1.0;
				PRODUCT_BUNDLE_IDENTIFIER = andymeagher.TheGameClone;
				PRODUCT_NAME = "$(TARGET_NAME)";
				SWIFT_EMIT_LOC_STRINGS = YES;
				SWIFT_VERSION = 5.0;
				TARGETED_DEVICE_FAMILY = "1,2";
			};
			name = Debug;
		};
		612B44C92A16CD400061DFBA /* Release */ = {
			isa = XCBuildConfiguration;
			buildSettings = {
				ASSETCATALOG_COMPILER_APPICON_NAME = AppIcon;
				ASSETCATALOG_COMPILER_GLOBAL_ACCENT_COLOR_NAME = AccentColor;
				CODE_SIGN_STYLE = Automatic;
				CURRENT_PROJECT_VERSION = 1;
				DEVELOPMENT_ASSET_PATHS = "\"TheGameClone/Preview Content\"";
				DEVELOPMENT_TEAM = 5K4K37877N;
				ENABLE_PREVIEWS = YES;
				GENERATE_INFOPLIST_FILE = YES;
				INFOPLIST_FILE = TheGameClone/Info.plist;
				INFOPLIST_KEY_UIApplicationSceneManifest_Generation = YES;
				INFOPLIST_KEY_UIApplicationSupportsIndirectInputEvents = YES;
				INFOPLIST_KEY_UILaunchScreen_Generation = YES;
				INFOPLIST_KEY_UISupportedInterfaceOrientations = "UIInterfaceOrientationLandscapeLeft UIInterfaceOrientationLandscapeRight UIInterfaceOrientationPortrait UIInterfaceOrientationPortraitUpsideDown";
				LD_RUNPATH_SEARCH_PATHS = (
					"$(inherited)",
					"@executable_path/Frameworks",
				);
				MARKETING_VERSION = 1.0;
				PRODUCT_BUNDLE_IDENTIFIER = andymeagher.TheGameClone;
				PRODUCT_NAME = "$(TARGET_NAME)";
				SWIFT_EMIT_LOC_STRINGS = YES;
				SWIFT_VERSION = 5.0;
				TARGETED_DEVICE_FAMILY = "1,2";
			};
			name = Release;
		};
		612B44CB2A16CD400061DFBA /* Debug */ = {
			isa = XCBuildConfiguration;
			buildSettings = {
				ALWAYS_EMBED_SWIFT_STANDARD_LIBRARIES = YES;
				BUNDLE_LOADER = "$(TEST_HOST)";
				CODE_SIGN_STYLE = Automatic;
				CURRENT_PROJECT_VERSION = 1;
				DEVELOPMENT_TEAM = 5K4K37877N;
				GENERATE_INFOPLIST_FILE = YES;
				IPHONEOS_DEPLOYMENT_TARGET = 16.4;
				MARKETING_VERSION = 1.0;
				PRODUCT_BUNDLE_IDENTIFIER = andymeagher.TheGameCloneTests;
				PRODUCT_NAME = "$(TARGET_NAME)";
				SWIFT_EMIT_LOC_STRINGS = NO;
				SWIFT_VERSION = 5.0;
				TARGETED_DEVICE_FAMILY = "1,2";
				TEST_HOST = "$(BUILT_PRODUCTS_DIR)/TheGameClone.app/$(BUNDLE_EXECUTABLE_FOLDER_PATH)/TheGameClone";
			};
			name = Debug;
		};
		612B44CC2A16CD400061DFBA /* Release */ = {
			isa = XCBuildConfiguration;
			buildSettings = {
				ALWAYS_EMBED_SWIFT_STANDARD_LIBRARIES = YES;
				BUNDLE_LOADER = "$(TEST_HOST)";
				CODE_SIGN_STYLE = Automatic;
				CURRENT_PROJECT_VERSION = 1;
				DEVELOPMENT_TEAM = 5K4K37877N;
				GENERATE_INFOPLIST_FILE = YES;
				IPHONEOS_DEPLOYMENT_TARGET = 16.4;
				MARKETING_VERSION = 1.0;
				PRODUCT_BUNDLE_IDENTIFIER = andymeagher.TheGameCloneTests;
				PRODUCT_NAME = "$(TARGET_NAME)";
				SWIFT_EMIT_LOC_STRINGS = NO;
				SWIFT_VERSION = 5.0;
				TARGETED_DEVICE_FAMILY = "1,2";
				TEST_HOST = "$(BUILT_PRODUCTS_DIR)/TheGameClone.app/$(BUNDLE_EXECUTABLE_FOLDER_PATH)/TheGameClone";
			};
			name = Release;
		};
		612B44CE2A16CD400061DFBA /* Debug */ = {
			isa = XCBuildConfiguration;
			buildSettings = {
				ALWAYS_EMBED_SWIFT_STANDARD_LIBRARIES = YES;
				CODE_SIGN_STYLE = Automatic;
				CURRENT_PROJECT_VERSION = 1;
				DEVELOPMENT_TEAM = 5K4K37877N;
				GENERATE_INFOPLIST_FILE = YES;
				MARKETING_VERSION = 1.0;
				PRODUCT_BUNDLE_IDENTIFIER = andymeagher.TheGameCloneUITests;
				PRODUCT_NAME = "$(TARGET_NAME)";
				SWIFT_EMIT_LOC_STRINGS = NO;
				SWIFT_VERSION = 5.0;
				TARGETED_DEVICE_FAMILY = "1,2";
				TEST_TARGET_NAME = TheGameClone;
			};
			name = Debug;
		};
		612B44CF2A16CD400061DFBA /* Release */ = {
			isa = XCBuildConfiguration;
			buildSettings = {
				ALWAYS_EMBED_SWIFT_STANDARD_LIBRARIES = YES;
				CODE_SIGN_STYLE = Automatic;
				CURRENT_PROJECT_VERSION = 1;
				DEVELOPMENT_TEAM = 5K4K37877N;
				GENERATE_INFOPLIST_FILE = YES;
				MARKETING_VERSION = 1.0;
				PRODUCT_BUNDLE_IDENTIFIER = andymeagher.TheGameCloneUITests;
				PRODUCT_NAME = "$(TARGET_NAME)";
				SWIFT_EMIT_LOC_STRINGS = NO;
				SWIFT_VERSION = 5.0;
				TARGETED_DEVICE_FAMILY = "1,2";
				TEST_TARGET_NAME = TheGameClone;
			};
			name = Release;
		};
/* End XCBuildConfiguration section */

/* Begin XCConfigurationList section */
		612B449E2A16CD3E0061DFBA /* Build configuration list for PBXProject "TheGameClone" */ = {
			isa = XCConfigurationList;
			buildConfigurations = (
				612B44C52A16CD400061DFBA /* Debug */,
				612B44C62A16CD400061DFBA /* Release */,
			);
			defaultConfigurationIsVisible = 0;
			defaultConfigurationName = Release;
		};
		612B44C72A16CD400061DFBA /* Build configuration list for PBXNativeTarget "TheGameClone" */ = {
			isa = XCConfigurationList;
			buildConfigurations = (
				612B44C82A16CD400061DFBA /* Debug */,
				612B44C92A16CD400061DFBA /* Release */,
			);
			defaultConfigurationIsVisible = 0;
			defaultConfigurationName = Release;
		};
		612B44CA2A16CD400061DFBA /* Build configuration list for PBXNativeTarget "TheGameCloneTests" */ = {
			isa = XCConfigurationList;
			buildConfigurations = (
				612B44CB2A16CD400061DFBA /* Debug */,
				612B44CC2A16CD400061DFBA /* Release */,
			);
			defaultConfigurationIsVisible = 0;
			defaultConfigurationName = Release;
		};
		612B44CD2A16CD400061DFBA /* Build configuration list for PBXNativeTarget "TheGameCloneUITests" */ = {
			isa = XCConfigurationList;
			buildConfigurations = (
				612B44CE2A16CD400061DFBA /* Debug */,
				612B44CF2A16CD400061DFBA /* Release */,
			);
			defaultConfigurationIsVisible = 0;
			defaultConfigurationName = Release;
		};
/* End XCConfigurationList section */
	};
	rootObject = 612B449B2A16CD3E0061DFBA /* Project object */;
}
